// !$*UTF8*$!
{
	archiveVersion = 1;
	classes = {
	};
	objectVersion = 48;
	objects = {

/* Begin PBXBuildFile section */
		2730416E20230592005EC3AD /* SCHCommon.swift in Sources */ = {isa = PBXBuildFile; fileRef = 2730416D20230592005EC3AD /* SCHCommon.swift */; };
		2753E36A2019D50B00C8BE01 /* Profile.storyboard in Resources */ = {isa = PBXBuildFile; fileRef = 2753E3692019D50B00C8BE01 /* Profile.storyboard */; };
		27877FF52022ED2E0023ECDE /* SCHHomeViewController.swift in Sources */ = {isa = PBXBuildFile; fileRef = 27877FF42022ED2E0023ECDE /* SCHHomeViewController.swift */; };
		27877FF82022F6910023ECDE /* UIBarButtonItem.swift in Sources */ = {isa = PBXBuildFile; fileRef = 27877FF72022F6910023ECDE /* UIBarButtonItem.swift */; };
		27877FFB202302050023ECDE /* SCHPageTitleView.swift in Sources */ = {isa = PBXBuildFile; fileRef = 27877FFA202302050023ECDE /* SCHPageTitleView.swift */; };
		27A93BA22019CB5000D021E9 /* AppDelegate.swift in Sources */ = {isa = PBXBuildFile; fileRef = 27A93BA12019CB5000D021E9 /* AppDelegate.swift */; };
		27A93BA92019CB5000D021E9 /* Assets.xcassets in Resources */ = {isa = PBXBuildFile; fileRef = 27A93BA82019CB5000D021E9 /* Assets.xcassets */; };
		27A93BAC2019CB5000D021E9 /* LaunchScreen.storyboard in Resources */ = {isa = PBXBuildFile; fileRef = 27A93BAA2019CB5000D021E9 /* LaunchScreen.storyboard */; };
		27A93BB72019CB5000D021E9 /* SCHLiveDYTests.swift in Sources */ = {isa = PBXBuildFile; fileRef = 27A93BB62019CB5000D021E9 /* SCHLiveDYTests.swift */; };
		27A93BC22019CB5000D021E9 /* SCHLiveDYUITests.swift in Sources */ = {isa = PBXBuildFile; fileRef = 27A93BC12019CB5000D021E9 /* SCHLiveDYUITests.swift */; };
		27BABB892019D6A4004CB342 /* Home.storyboard in Resources */ = {isa = PBXBuildFile; fileRef = 27BABB882019D6A4004CB342 /* Home.storyboard */; };
		27BABB8B2019D6DD004CB342 /* Follow.storyboard in Resources */ = {isa = PBXBuildFile; fileRef = 27BABB8A2019D6DD004CB342 /* Follow.storyboard */; };
		27BABB8D2019D71F004CB342 /* Main.storyboard in Resources */ = {isa = PBXBuildFile; fileRef = 27BABB8C2019D71F004CB342 /* Main.storyboard */; };
		27BABB912019D86B004CB342 /* SCHMainViewController.swift in Sources */ = {isa = PBXBuildFile; fileRef = 27BABB902019D86B004CB342 /* SCHMainViewController.swift */; };
		27F7414F2019D43000DC3968 /* Live.storyboard in Resources */ = {isa = PBXBuildFile; fileRef = 27F7414E2019D43000DC3968 /* Live.storyboard */; };
/* End PBXBuildFile section */

/* Begin PBXContainerItemProxy section */
		27A93BB32019CB5000D021E9 /* PBXContainerItemProxy */ = {
			isa = PBXContainerItemProxy;
			containerPortal = 27A93B962019CB5000D021E9 /* Project object */;
			proxyType = 1;
			remoteGlobalIDString = 27A93B9D2019CB5000D021E9;
			remoteInfo = SCHLiveDY;
		};
		27A93BBE2019CB5000D021E9 /* PBXContainerItemProxy */ = {
			isa = PBXContainerItemProxy;
			containerPortal = 27A93B962019CB5000D021E9 /* Project object */;
			proxyType = 1;
			remoteGlobalIDString = 27A93B9D2019CB5000D021E9;
			remoteInfo = SCHLiveDY;
		};
/* End PBXContainerItemProxy section */

/* Begin PBXFileReference section */
		2730416D20230592005EC3AD /* SCHCommon.swift */ = {isa = PBXFileReference; lastKnownFileType = sourcecode.swift; path = SCHCommon.swift; sourceTree = "<group>"; };
		2753E3692019D50B00C8BE01 /* Profile.storyboard */ = {isa = PBXFileReference; fileEncoding = 4; lastKnownFileType = file.storyboard; path = Profile.storyboard; sourceTree = "<group>"; };
		27877FF42022ED2E0023ECDE /* SCHHomeViewController.swift */ = {isa = PBXFileReference; lastKnownFileType = sourcecode.swift; path = SCHHomeViewController.swift; sourceTree = "<group>"; };
		27877FF72022F6910023ECDE /* UIBarButtonItem.swift */ = {isa = PBXFileReference; lastKnownFileType = sourcecode.swift; path = UIBarButtonItem.swift; sourceTree = "<group>"; };
		27877FFA202302050023ECDE /* SCHPageTitleView.swift */ = {isa = PBXFileReference; lastKnownFileType = sourcecode.swift; path = SCHPageTitleView.swift; sourceTree = "<group>"; };
		27A93B9E2019CB5000D021E9 /* SCHLiveDY.app */ = {isa = PBXFileReference; explicitFileType = wrapper.application; includeInIndex = 0; path = SCHLiveDY.app; sourceTree = BUILT_PRODUCTS_DIR; };
		27A93BA12019CB5000D021E9 /* AppDelegate.swift */ = {isa = PBXFileReference; lastKnownFileType = sourcecode.swift; path = AppDelegate.swift; sourceTree = "<group>"; };
		27A93BA82019CB5000D021E9 /* Assets.xcassets */ = {isa = PBXFileReference; lastKnownFileType = folder.assetcatalog; path = Assets.xcassets; sourceTree = "<group>"; };
		27A93BAB2019CB5000D021E9 /* Base */ = {isa = PBXFileReference; lastKnownFileType = file.storyboard; name = Base; path = Base.lproj/LaunchScreen.storyboard; sourceTree = "<group>"; };
		27A93BAD2019CB5000D021E9 /* Info.plist */ = {isa = PBXFileReference; lastKnownFileType = text.plist.xml; path = Info.plist; sourceTree = "<group>"; };
		27A93BB22019CB5000D021E9 /* SCHLiveDYTests.xctest */ = {isa = PBXFileReference; explicitFileType = wrapper.cfbundle; includeInIndex = 0; path = SCHLiveDYTests.xctest; sourceTree = BUILT_PRODUCTS_DIR; };
		27A93BB62019CB5000D021E9 /* SCHLiveDYTests.swift */ = {isa = PBXFileReference; lastKnownFileType = sourcecode.swift; path = SCHLiveDYTests.swift; sourceTree = "<group>"; };
		27A93BB82019CB5000D021E9 /* Info.plist */ = {isa = PBXFileReference; lastKnownFileType = text.plist.xml; path = Info.plist; sourceTree = "<group>"; };
		27A93BBD2019CB5000D021E9 /* SCHLiveDYUITests.xctest */ = {isa = PBXFileReference; explicitFileType = wrapper.cfbundle; includeInIndex = 0; path = SCHLiveDYUITests.xctest; sourceTree = BUILT_PRODUCTS_DIR; };
		27A93BC12019CB5000D021E9 /* SCHLiveDYUITests.swift */ = {isa = PBXFileReference; lastKnownFileType = sourcecode.swift; path = SCHLiveDYUITests.swift; sourceTree = "<group>"; };
		27A93BC32019CB5000D021E9 /* Info.plist */ = {isa = PBXFileReference; lastKnownFileType = text.plist.xml; path = Info.plist; sourceTree = "<group>"; };
		27BABB882019D6A4004CB342 /* Home.storyboard */ = {isa = PBXFileReference; fileEncoding = 4; lastKnownFileType = file.storyboard; path = Home.storyboard; sourceTree = "<group>"; };
		27BABB8A2019D6DD004CB342 /* Follow.storyboard */ = {isa = PBXFileReference; fileEncoding = 4; lastKnownFileType = file.storyboard; path = Follow.storyboard; sourceTree = "<group>"; };
		27BABB8C2019D71F004CB342 /* Main.storyboard */ = {isa = PBXFileReference; fileEncoding = 4; lastKnownFileType = file.storyboard; path = Main.storyboard; sourceTree = "<group>"; };
		27BABB902019D86B004CB342 /* SCHMainViewController.swift */ = {isa = PBXFileReference; lastKnownFileType = sourcecode.swift; path = SCHMainViewController.swift; sourceTree = "<group>"; };
		27F7414E2019D43000DC3968 /* Live.storyboard */ = {isa = PBXFileReference; fileEncoding = 4; lastKnownFileType = file.storyboard; path = Live.storyboard; sourceTree = "<group>"; };
/* End PBXFileReference section */

/* Begin PBXFrameworksBuildPhase section */
		27A93B9B2019CB5000D021E9 /* Frameworks */ = {
			isa = PBXFrameworksBuildPhase;
			buildActionMask = 2147483647;
			files = (
			);
			runOnlyForDeploymentPostprocessing = 0;
		};
		27A93BAF2019CB5000D021E9 /* Frameworks */ = {
			isa = PBXFrameworksBuildPhase;
			buildActionMask = 2147483647;
			files = (
			);
			runOnlyForDeploymentPostprocessing = 0;
		};
		27A93BBA2019CB5000D021E9 /* Frameworks */ = {
			isa = PBXFrameworksBuildPhase;
			buildActionMask = 2147483647;
			files = (
			);
			runOnlyForDeploymentPostprocessing = 0;
		};
/* End PBXFrameworksBuildPhase section */

/* Begin PBXGroup section */
		2730416C20230572005EC3AD /* Common */ = {
			isa = PBXGroup;
			children = (
				2730416D20230592005EC3AD /* SCHCommon.swift */,
			);
			path = Common;
			sourceTree = "<group>";
		};
		27877FF12022ECBE0023ECDE /* Controller */ = {
			isa = PBXGroup;
			children = (
				27877FF42022ED2E0023ECDE /* SCHHomeViewController.swift */,
			);
			path = Controller;
			sourceTree = "<group>";
		};
		27877FF22022ECBE0023ECDE /* View */ = {
			isa = PBXGroup;
			children = (
			);
			path = View;
			sourceTree = "<group>";
		};
		27877FF32022ECBE0023ECDE /* Model */ = {
			isa = PBXGroup;
			children = (
			);
			path = Model;
			sourceTree = "<group>";
		};
		27877FF62022F6600023ECDE /* Extention */ = {
			isa = PBXGroup;
			children = (
				27877FF72022F6910023ECDE /* UIBarButtonItem.swift */,
			);
			path = Extention;
			sourceTree = "<group>";
		};
		27877FF9202301E80023ECDE /* Custom */ = {
			isa = PBXGroup;
			children = (
				27877FFA202302050023ECDE /* SCHPageTitleView.swift */,
			);
			path = Custom;
			sourceTree = "<group>";
		};
		27A93B952019CB5000D021E9 = {
			isa = PBXGroup;
			children = (
				27A93BA02019CB5000D021E9 /* SCHLiveDY */,
				27A93BB52019CB5000D021E9 /* SCHLiveDYTests */,
				27A93BC02019CB5000D021E9 /* SCHLiveDYUITests */,
				27A93B9F2019CB5000D021E9 /* Products */,
			);
			sourceTree = "<group>";
		};
		27A93B9F2019CB5000D021E9 /* Products */ = {
			isa = PBXGroup;
			children = (
				27A93B9E2019CB5000D021E9 /* SCHLiveDY.app */,
				27A93BB22019CB5000D021E9 /* SCHLiveDYTests.xctest */,
				27A93BBD2019CB5000D021E9 /* SCHLiveDYUITests.xctest */,
			);
			name = Products;
			sourceTree = "<group>";
		};
		27A93BA02019CB5000D021E9 /* SCHLiveDY */ = {
			isa = PBXGroup;
			children = (
				27A93BCF2019CD9F00D021E9 /* Classes */,
				27A93BA12019CB5000D021E9 /* AppDelegate.swift */,
				27A93BA82019CB5000D021E9 /* Assets.xcassets */,
				27A93BAA2019CB5000D021E9 /* LaunchScreen.storyboard */,
				27A93BAD2019CB5000D021E9 /* Info.plist */,
			);
			path = SCHLiveDY;
			sourceTree = "<group>";
		};
		27A93BB52019CB5000D021E9 /* SCHLiveDYTests */ = {
			isa = PBXGroup;
			children = (
				27A93BB62019CB5000D021E9 /* SCHLiveDYTests.swift */,
				27A93BB82019CB5000D021E9 /* Info.plist */,
			);
			path = SCHLiveDYTests;
			sourceTree = "<group>";
		};
		27A93BC02019CB5000D021E9 /* SCHLiveDYUITests */ = {
			isa = PBXGroup;
			children = (
				27A93BC12019CB5000D021E9 /* SCHLiveDYUITests.swift */,
				27A93BC32019CB5000D021E9 /* Info.plist */,
			);
			path = SCHLiveDYUITests;
			sourceTree = "<group>";
		};
		27A93BCF2019CD9F00D021E9 /* Classes */ = {
			isa = PBXGroup;
			children = (
				2730416C20230572005EC3AD /* Common */,
				27877FF9202301E80023ECDE /* Custom */,
				27A93BD52019CD9F00D021E9 /* Main */,
				27A93BD22019CD9F00D021E9 /* Toos */,
				27A93BD02019CD9F00D021E9 /* Home */,
				27A93BD42019CD9F00D021E9 /* Live */,
				27A93BD32019CD9F00D021E9 /* Profile */,
				27A93BD12019CD9F00D021E9 /* Follow */,
			);
			path = Classes;
			sourceTree = "<group>";
		};
		27A93BD02019CD9F00D021E9 /* Home */ = {
			isa = PBXGroup;
			children = (
				27BABB882019D6A4004CB342 /* Home.storyboard */,
				27877FF12022ECBE0023ECDE /* Controller */,
				27877FF32022ECBE0023ECDE /* Model */,
				27877FF22022ECBE0023ECDE /* View */,
			);
			path = Home;
			sourceTree = "<group>";
		};
		27A93BD12019CD9F00D021E9 /* Follow */ = {
			isa = PBXGroup;
			children = (
				27BABB8A2019D6DD004CB342 /* Follow.storyboard */,
			);
			path = Follow;
			sourceTree = "<group>";
		};
		27A93BD22019CD9F00D021E9 /* Toos */ = {
			isa = PBXGroup;
			children = (
				27877FF62022F6600023ECDE /* Extention */,
			);
			path = Toos;
			sourceTree = "<group>";
		};
		27A93BD32019CD9F00D021E9 /* Profile */ = {
			isa = PBXGroup;
			children = (
				2753E3692019D50B00C8BE01 /* Profile.storyboard */,
			);
			path = Profile;
			sourceTree = "<group>";
		};
		27A93BD42019CD9F00D021E9 /* Live */ = {
			isa = PBXGroup;
			children = (
				27F7414E2019D43000DC3968 /* Live.storyboard */,
			);
			path = Live;
			sourceTree = "<group>";
		};
		27A93BD52019CD9F00D021E9 /* Main */ = {
			isa = PBXGroup;
			children = (
				27BABB8C2019D71F004CB342 /* Main.storyboard */,
				27BABB902019D86B004CB342 /* SCHMainViewController.swift */,
			);
			path = Main;
			sourceTree = "<group>";
		};
/* End PBXGroup section */

/* Begin PBXNativeTarget section */
		27A93B9D2019CB5000D021E9 /* SCHLiveDY */ = {
			isa = PBXNativeTarget;
			buildConfigurationList = 27A93BC62019CB5000D021E9 /* Build configuration list for PBXNativeTarget "SCHLiveDY" */;
			buildPhases = (
				27A93B9A2019CB5000D021E9 /* Sources */,
				27A93B9B2019CB5000D021E9 /* Frameworks */,
				27A93B9C2019CB5000D021E9 /* Resources */,
			);
			buildRules = (
			);
			dependencies = (
			);
			name = SCHLiveDY;
			productName = SCHLiveDY;
			productReference = 27A93B9E2019CB5000D021E9 /* SCHLiveDY.app */;
			productType = "com.apple.product-type.application";
		};
		27A93BB12019CB5000D021E9 /* SCHLiveDYTests */ = {
			isa = PBXNativeTarget;
			buildConfigurationList = 27A93BC92019CB5000D021E9 /* Build configuration list for PBXNativeTarget "SCHLiveDYTests" */;
			buildPhases = (
				27A93BAE2019CB5000D021E9 /* Sources */,
				27A93BAF2019CB5000D021E9 /* Frameworks */,
				27A93BB02019CB5000D021E9 /* Resources */,
			);
			buildRules = (
			);
			dependencies = (
				27A93BB42019CB5000D021E9 /* PBXTargetDependency */,
			);
			name = SCHLiveDYTests;
			productName = SCHLiveDYTests;
			productReference = 27A93BB22019CB5000D021E9 /* SCHLiveDYTests.xctest */;
			productType = "com.apple.product-type.bundle.unit-test";
		};
		27A93BBC2019CB5000D021E9 /* SCHLiveDYUITests */ = {
			isa = PBXNativeTarget;
			buildConfigurationList = 27A93BCC2019CB5000D021E9 /* Build configuration list for PBXNativeTarget "SCHLiveDYUITests" */;
			buildPhases = (
				27A93BB92019CB5000D021E9 /* Sources */,
				27A93BBA2019CB5000D021E9 /* Frameworks */,
				27A93BBB2019CB5000D021E9 /* Resources */,
			);
			buildRules = (
			);
			dependencies = (
				27A93BBF2019CB5000D021E9 /* PBXTargetDependency */,
			);
			name = SCHLiveDYUITests;
			productName = SCHLiveDYUITests;
			productReference = 27A93BBD2019CB5000D021E9 /* SCHLiveDYUITests.xctest */;
			productType = "com.apple.product-type.bundle.ui-testing";
		};
/* End PBXNativeTarget section */

/* Begin PBXProject section */
		27A93B962019CB5000D021E9 /* Project object */ = {
			isa = PBXProject;
			attributes = {
				CLASSPREFIX = SCH;
				LastSwiftUpdateCheck = 0910;
				LastUpgradeCheck = 0910;
				ORGANIZATIONNAME = Mike;
				TargetAttributes = {
					27A93B9D2019CB5000D021E9 = {
						CreatedOnToolsVersion = 9.1;
						ProvisioningStyle = Automatic;
					};
					27A93BB12019CB5000D021E9 = {
						CreatedOnToolsVersion = 9.1;
						ProvisioningStyle = Automatic;
						TestTargetID = 27A93B9D2019CB5000D021E9;
					};
					27A93BBC2019CB5000D021E9 = {
						CreatedOnToolsVersion = 9.1;
						ProvisioningStyle = Automatic;
						TestTargetID = 27A93B9D2019CB5000D021E9;
					};
				};
			};
			buildConfigurationList = 27A93B992019CB5000D021E9 /* Build configuration list for PBXProject "SCHLiveDY" */;
			compatibilityVersion = "Xcode 8.0";
			developmentRegion = en;
			hasScannedForEncodings = 0;
			knownRegions = (
				en,
				Base,
			);
			mainGroup = 27A93B952019CB5000D021E9;
			productRefGroup = 27A93B9F2019CB5000D021E9 /* Products */;
			projectDirPath = "";
			projectRoot = "";
			targets = (
				27A93B9D2019CB5000D021E9 /* SCHLiveDY */,
				27A93BB12019CB5000D021E9 /* SCHLiveDYTests */,
				27A93BBC2019CB5000D021E9 /* SCHLiveDYUITests */,
			);
		};
/* End PBXProject section */

/* Begin PBXResourcesBuildPhase section */
		27A93B9C2019CB5000D021E9 /* Resources */ = {
			isa = PBXResourcesBuildPhase;
			buildActionMask = 2147483647;
			files = (
				27BABB8D2019D71F004CB342 /* Main.storyboard in Resources */,
				27BABB892019D6A4004CB342 /* Home.storyboard in Resources */,
				2753E36A2019D50B00C8BE01 /* Profile.storyboard in Resources */,
				27A93BAC2019CB5000D021E9 /* LaunchScreen.storyboard in Resources */,
				27A93BA92019CB5000D021E9 /* Assets.xcassets in Resources */,
				27BABB8B2019D6DD004CB342 /* Follow.storyboard in Resources */,
				27F7414F2019D43000DC3968 /* Live.storyboard in Resources */,
			);
			runOnlyForDeploymentPostprocessing = 0;
		};
		27A93BB02019CB5000D021E9 /* Resources */ = {
			isa = PBXResourcesBuildPhase;
			buildActionMask = 2147483647;
			files = (
			);
			runOnlyForDeploymentPostprocessing = 0;
		};
		27A93BBB2019CB5000D021E9 /* Resources */ = {
			isa = PBXResourcesBuildPhase;
			buildActionMask = 2147483647;
			files = (
			);
			runOnlyForDeploymentPostprocessing = 0;
		};
/* End PBXResourcesBuildPhase section */

/* Begin PBXSourcesBuildPhase section */
		27A93B9A2019CB5000D021E9 /* Sources */ = {
			isa = PBXSourcesBuildPhase;
			buildActionMask = 2147483647;
			files = (
				27877FF52022ED2E0023ECDE /* SCHHomeViewController.swift in Sources */,
				27BABB912019D86B004CB342 /* SCHMainViewController.swift in Sources */,
				27877FFB202302050023ECDE /* SCHPageTitleView.swift in Sources */,
				27877FF82022F6910023ECDE /* UIBarButtonItem.swift in Sources */,
				27A93BA22019CB5000D021E9 /* AppDelegate.swift in Sources */,
				2730416E20230592005EC3AD /* SCHCommon.swift in Sources */,
			);
			runOnlyForDeploymentPostprocessing = 0;
		};
		27A93BAE2019CB5000D021E9 /* Sources */ = {
			isa = PBXSourcesBuildPhase;
			buildActionMask = 2147483647;
			files = (
				27A93BB72019CB5000D021E9 /* SCHLiveDYTests.swift in Sources */,
			);
			runOnlyForDeploymentPostprocessing = 0;
		};
		27A93BB92019CB5000D021E9 /* Sources */ = {
			isa = PBXSourcesBuildPhase;
			buildActionMask = 2147483647;
			files = (
				27A93BC22019CB5000D021E9 /* SCHLiveDYUITests.swift in Sources */,
			);
			runOnlyForDeploymentPostprocessing = 0;
		};
/* End PBXSourcesBuildPhase section */

/* Begin PBXTargetDependency section */
		27A93BB42019CB5000D021E9 /* PBXTargetDependency */ = {
			isa = PBXTargetDependency;
			target = 27A93B9D2019CB5000D021E9 /* SCHLiveDY */;
			targetProxy = 27A93BB32019CB5000D021E9 /* PBXContainerItemProxy */;
		};
		27A93BBF2019CB5000D021E9 /* PBXTargetDependency */ = {
			isa = PBXTargetDependency;
			target = 27A93B9D2019CB5000D021E9 /* SCHLiveDY */;
			targetProxy = 27A93BBE2019CB5000D021E9 /* PBXContainerItemProxy */;
		};
/* End PBXTargetDependency section */

/* Begin PBXVariantGroup section */
		27A93BAA2019CB5000D021E9 /* LaunchScreen.storyboard */ = {
			isa = PBXVariantGroup;
			children = (
				27A93BAB2019CB5000D021E9 /* Base */,
			);
			name = LaunchScreen.storyboard;
			sourceTree = "<group>";
		};
/* End PBXVariantGroup section */

/* Begin XCBuildConfiguration section */
		27A93BC42019CB5000D021E9 /* Debug */ = {
			isa = XCBuildConfiguration;
			buildSettings = {
				ALWAYS_SEARCH_USER_PATHS = NO;
				CLANG_ANALYZER_NONNULL = YES;
				CLANG_ANALYZER_NUMBER_OBJECT_CONVERSION = YES_AGGRESSIVE;
				CLANG_CXX_LANGUAGE_STANDARD = "gnu++14";
				CLANG_CXX_LIBRARY = "libc++";
				CLANG_ENABLE_MODULES = YES;
				CLANG_ENABLE_OBJC_ARC = YES;
				CLANG_WARN_BLOCK_CAPTURE_AUTORELEASING = YES;
				CLANG_WARN_BOOL_CONVERSION = YES;
				CLANG_WARN_COMMA = YES;
				CLANG_WARN_CONSTANT_CONVERSION = YES;
				CLANG_WARN_DIRECT_OBJC_ISA_USAGE = YES_ERROR;
				CLANG_WARN_DOCUMENTATION_COMMENTS = YES;
				CLANG_WARN_EMPTY_BODY = YES;
				CLANG_WARN_ENUM_CONVERSION = YES;
				CLANG_WARN_INFINITE_RECURSION = YES;
				CLANG_WARN_INT_CONVERSION = YES;
				CLANG_WARN_NON_LITERAL_NULL_CONVERSION = YES;
				CLANG_WARN_OBJC_LITERAL_CONVERSION = YES;
				CLANG_WARN_OBJC_ROOT_CLASS = YES_ERROR;
				CLANG_WARN_RANGE_LOOP_ANALYSIS = YES;
				CLANG_WARN_STRICT_PROTOTYPES = YES;
				CLANG_WARN_SUSPICIOUS_MOVE = YES;
				CLANG_WARN_UNGUARDED_AVAILABILITY = YES_AGGRESSIVE;
				CLANG_WARN_UNREACHABLE_CODE = YES;
				CLANG_WARN__DUPLICATE_METHOD_MATCH = YES;
				CODE_SIGN_IDENTITY = "iPhone Developer";
				COPY_PHASE_STRIP = NO;
				DEBUG_INFORMATION_FORMAT = dwarf;
				ENABLE_STRICT_OBJC_MSGSEND = YES;
				ENABLE_TESTABILITY = YES;
				GCC_C_LANGUAGE_STANDARD = gnu11;
				GCC_DYNAMIC_NO_PIC = NO;
				GCC_NO_COMMON_BLOCKS = YES;
				GCC_OPTIMIZATION_LEVEL = 0;
				GCC_PREPROCESSOR_DEFINITIONS = (
					"DEBUG=1",
					"$(inherited)",
				);
				GCC_WARN_64_TO_32_BIT_CONVERSION = YES;
				GCC_WARN_ABOUT_RETURN_TYPE = YES_ERROR;
				GCC_WARN_UNDECLARED_SELECTOR = YES;
				GCC_WARN_UNINITIALIZED_AUTOS = YES_AGGRESSIVE;
				GCC_WARN_UNUSED_FUNCTION = YES;
				GCC_WARN_UNUSED_VARIABLE = YES;
				IPHONEOS_DEPLOYMENT_TARGET = 11.1;
				MTL_ENABLE_DEBUG_INFO = YES;
				ONLY_ACTIVE_ARCH = YES;
				SDKROOT = iphoneos;
				SWIFT_ACTIVE_COMPILATION_CONDITIONS = DEBUG;
				SWIFT_OPTIMIZATION_LEVEL = "-Onone";
			};
			name = Debug;
		};
		27A93BC52019CB5000D021E9 /* Release */ = {
			isa = XCBuildConfiguration;
			buildSettings = {
				ALWAYS_SEARCH_USER_PATHS = NO;
				CLANG_ANALYZER_NONNULL = YES;
				CLANG_ANALYZER_NUMBER_OBJECT_CONVERSION = YES_AGGRESSIVE;
				CLANG_CXX_LANGUAGE_STANDARD = "gnu++14";
				CLANG_CXX_LIBRARY = "libc++";
				CLANG_ENABLE_MODULES = YES;
				CLANG_ENABLE_OBJC_ARC = YES;
				CLANG_WARN_BLOCK_CAPTURE_AUTORELEASING = YES;
				CLANG_WARN_BOOL_CONVERSION = YES;
				CLANG_WARN_COMMA = YES;
				CLANG_WARN_CONSTANT_CONVERSION = YES;
				CLANG_WARN_DIRECT_OBJC_ISA_USAGE = YES_ERROR;
				CLANG_WARN_DOCUMENTATION_COMMENTS = YES;
				CLANG_WARN_EMPTY_BODY = YES;
				CLANG_WARN_ENUM_CONVERSION = YES;
				CLANG_WARN_INFINITE_RECURSION = YES;
				CLANG_WARN_INT_CONVERSION = YES;
				CLANG_WARN_NON_LITERAL_NULL_CONVERSION = YES;
				CLANG_WARN_OBJC_LITERAL_CONVERSION = YES;
				CLANG_WARN_OBJC_ROOT_CLASS = YES_ERROR;
				CLANG_WARN_RANGE_LOOP_ANALYSIS = YES;
				CLANG_WARN_STRICT_PROTOTYPES = YES;
				CLANG_WARN_SUSPICIOUS_MOVE = YES;
				CLANG_WARN_UNGUARDED_AVAILABILITY = YES_AGGRESSIVE;
				CLANG_WARN_UNREACHABLE_CODE = YES;
				CLANG_WARN__DUPLICATE_METHOD_MATCH = YES;
				CODE_SIGN_IDENTITY = "iPhone Developer";
				COPY_PHASE_STRIP = NO;
				DEBUG_INFORMATION_FORMAT = "dwarf-with-dsym";
				ENABLE_NS_ASSERTIONS = NO;
				ENABLE_STRICT_OBJC_MSGSEND = YES;
				GCC_C_LANGUAGE_STANDARD = gnu11;
				GCC_NO_COMMON_BLOCKS = YES;
				GCC_WARN_64_TO_32_BIT_CONVERSION = YES;
				GCC_WARN_ABOUT_RETURN_TYPE = YES_ERROR;
				GCC_WARN_UNDECLARED_SELECTOR = YES;
				GCC_WARN_UNINITIALIZED_AUTOS = YES_AGGRESSIVE;
				GCC_WARN_UNUSED_FUNCTION = YES;
				GCC_WARN_UNUSED_VARIABLE = YES;
				IPHONEOS_DEPLOYMENT_TARGET = 11.1;
				MTL_ENABLE_DEBUG_INFO = NO;
				SDKROOT = iphoneos;
				SWIFT_OPTIMIZATION_LEVEL = "-Owholemodule";
				VALIDATE_PRODUCT = YES;
			};
			name = Release;
		};
		27A93BC72019CB5000D021E9 /* Debug */ = {
			isa = XCBuildConfiguration;
			buildSettings = {
				ASSETCATALOG_COMPILER_APPICON_NAME = AppIcon;
				ASSETCATALOG_COMPILER_LAUNCHIMAGE_NAME = LaunchImage;
				CODE_SIGN_STYLE = Automatic;
				INFOPLIST_FILE = SCHLiveDY/Info.plist;
				IPHONEOS_DEPLOYMENT_TARGET = 8.0;
				LD_RUNPATH_SEARCH_PATHS = "$(inherited) @executable_path/Frameworks";
				PRODUCT_BUNDLE_IDENTIFIER = com.SCHMike.SCHLiveDY;
				PRODUCT_NAME = "$(TARGET_NAME)";
				SWIFT_VERSION = 4.0;
				TARGETED_DEVICE_FAMILY = 1;
			};
			name = Debug;
		};
		27A93BC82019CB5000D021E9 /* Release */ = {
			isa = XCBuildConfiguration;
			buildSettings = {
				ASSETCATALOG_COMPILER_APPICON_NAME = AppIcon;
				ASSETCATALOG_COMPILER_LAUNCHIMAGE_NAME = LaunchImage;
				CODE_SIGN_STYLE = Automatic;
				INFOPLIST_FILE = SCHLiveDY/Info.plist;
				IPHONEOS_DEPLOYMENT_TARGET = 8.0;
				LD_RUNPATH_SEARCH_PATHS = "$(inherited) @executable_path/Frameworks";
				PRODUCT_BUNDLE_IDENTIFIER = com.SCHMike.SCHLiveDY;
				PRODUCT_NAME = "$(TARGET_NAME)";
				SWIFT_VERSION = 4.0;
				TARGETED_DEVICE_FAMILY = 1;
			};
			name = Release;
		};
		27A93BCA2019CB5000D021E9 /* Debug */ = {
			isa = XCBuildConfiguration;
			buildSettings = {
				ALWAYS_EMBED_SWIFT_STANDARD_LIBRARIES = YES;
				BUNDLE_LOADER = "$(TEST_HOST)";
				CODE_SIGN_STYLE = Automatic;
				INFOPLIST_FILE = SCHLiveDYTests/Info.plist;
				LD_RUNPATH_SEARCH_PATHS = "$(inherited) @executable_path/Frameworks @loader_path/Frameworks";
				PRODUCT_BUNDLE_IDENTIFIER = com.SCHMike.SCHLiveDYTests;
				PRODUCT_NAME = "$(TARGET_NAME)";
				SWIFT_VERSION = 4.0;
				TARGETED_DEVICE_FAMILY = "1,2";
				TEST_HOST = "$(BUILT_PRODUCTS_DIR)/SCHLiveDY.app/SCHLiveDY";
			};
			name = Debug;
		};
		27A93BCB2019CB5000D021E9 /* Release */ = {
			isa = XCBuildConfiguration;
			buildSettings = {
				ALWAYS_EMBED_SWIFT_STANDARD_LIBRARIES = YES;
				BUNDLE_LOADER = "$(TEST_HOST)";
				CODE_SIGN_STYLE = Automatic;
				INFOPLIST_FILE = SCHLiveDYTests/Info.plist;
				LD_RUNPATH_SEARCH_PATHS = "$(inherited) @executable_path/Frameworks @loader_path/Frameworks";
				PRODUCT_BUNDLE_IDENTIFIER = com.SCHMike.SCHLiveDYTests;
				PRODUCT_NAME = "$(TARGET_NAME)";
				SWIFT_VERSION = 4.0;
				TARGETED_DEVICE_FAMILY = "1,2";
				TEST_HOST = "$(BUILT_PRODUCTS_DIR)/SCHLiveDY.app/SCHLiveDY";
			};
			name = Release;
		};
		27A93BCD2019CB5000D021E9 /* Debug */ = {
			isa = XCBuildConfiguration;
			buildSettings = {
				ALWAYS_EMBED_SWIFT_STANDARD_LIBRARIES = YES;
				CODE_SIGN_STYLE = Automatic;
				INFOPLIST_FILE = SCHLiveDYUITests/Info.plist;
				LD_RUNPATH_SEARCH_PATHS = "$(inherited) @executable_path/Frameworks @loader_path/Frameworks";
				PRODUCT_BUNDLE_IDENTIFIER = com.SCHMike.SCHLiveDYUITests;
				PRODUCT_NAME = "$(TARGET_NAME)";
				SWIFT_VERSION = 4.0;
				TARGETED_DEVICE_FAMILY = "1,2";
				TEST_TARGET_NAME = SCHLiveDY;
			};
			name = Debug;
		};
		27A93BCE2019CB5000D021E9 /* Release */ = {
			isa = XCBuildConfiguration;
			buildSettings = {
				ALWAYS_EMBED_SWIFT_STANDARD_LIBRARIES = YES;
				CODE_SIGN_STYLE = Automatic;
				INFOPLIST_FILE = SCHLiveDYUITests/Info.plist;
				LD_RUNPATH_SEARCH_PATHS = "$(inherited) @executable_path/Frameworks @loader_path/Frameworks";
				PRODUCT_BUNDLE_IDENTIFIER = com.SCHMike.SCHLiveDYUITests;
				PRODUCT_NAME = "$(TARGET_NAME)";
				SWIFT_VERSION = 4.0;
				TARGETED_DEVICE_FAMILY = "1,2";
				TEST_TARGET_NAME = SCHLiveDY;
			};
			name = Release;
		};
/* End XCBuildConfiguration section */

/* Begin XCConfigurationList section */
		27A93B992019CB5000D021E9 /* Build configuration list for PBXProject "SCHLiveDY" */ = {
			isa = XCConfigurationList;
			buildConfigurations = (
				27A93BC42019CB5000D021E9 /* Debug */,
				27A93BC52019CB5000D021E9 /* Release */,
			);
			defaultConfigurationIsVisible = 0;
			defaultConfigurationName = Release;
		};
		27A93BC62019CB5000D021E9 /* Build configuration list for PBXNativeTarget "SCHLiveDY" */ = {
			isa = XCConfigurationList;
			buildConfigurations = (
				27A93BC72019CB5000D021E9 /* Debug */,
				27A93BC82019CB5000D021E9 /* Release */,
			);
			defaultConfigurationIsVisible = 0;
			defaultConfigurationName = Release;
		};
		27A93BC92019CB5000D021E9 /* Build configuration list for PBXNativeTarget "SCHLiveDYTests" */ = {
			isa = XCConfigurationList;
			buildConfigurations = (
				27A93BCA2019CB5000D021E9 /* Debug */,
				27A93BCB2019CB5000D021E9 /* Release */,
			);
			defaultConfigurationIsVisible = 0;
			defaultConfigurationName = Release;
		};
		27A93BCC2019CB5000D021E9 /* Build configuration list for PBXNativeTarget "SCHLiveDYUITests" */ = {
			isa = XCConfigurationList;
			buildConfigurations = (
				27A93BCD2019CB5000D021E9 /* Debug */,
				27A93BCE2019CB5000D021E9 /* Release */,
			);
			defaultConfigurationIsVisible = 0;
			defaultConfigurationName = Release;
		};
/* End XCConfigurationList section */
	};
	rootObject = 27A93B962019CB5000D021E9 /* Project object */;
}
